
Microsoft Visual Studio Solution File, Format Version 12.00
# Visual Studio Version 17
VisualStudioVersion = 17.11.35312.102
MinimumVisualStudioVersion = 10.0.40219.1
Project("{FAE04EC0-301F-11D3-BF4B-00C04F79EFBC}") = "RoboutesSpaceBurgers", "RoboutesSpaceBurgers\RoboutesSpaceBurgers.csproj", "{128A7B23-8E33-4CBC-838F-8DDF24E65E23}"
EndProject
Global
	GlobalSection(SolutionConfigurationPlatforms) = preSolution
		Debug|Any CPU = Debug|Any CPU
		Release|Any CPU = Release|Any CPU
	EndGlobalSection
	GlobalSection(ProjectConfigurationPlatforms) = postSolution
		{128A7B23-8E33-4CBC-838F-8DDF24E65E23}.Debug|Any CPU.ActiveCfg = Debug|Any CPU
		{128A7B23-8E33-4CBC-838F-8DDF24E65E23}.Debug|Any CPU.Build.0 = Debug|Any CPU
		{128A7B23-8E33-4CBC-838F-8DDF24E65E23}.Release|Any CPU.ActiveCfg = Release|Any CPU
		{128A7B23-8E33-4CBC-838F-8DDF24E65E23}.Release|Any CPU.Build.0 = Release|Any CPU
	EndGlobalSection
	GlobalSection(SolutionProperties) = preSolution
		HideSolutionNode = FALSE
	EndGlobalSection
	GlobalSection(ExtensibilityGlobals) = postSolution
		SolutionGuid = {ECF97287-764B-4790-A299-58F41B720768}
	EndGlobalSection
EndGlobal
